
Microsoft Visual Studio Solution File, Format Version 12.00
# Visual Studio Version 16
VisualStudioVersion = 16.0.31321.278
MinimumVisualStudioVersion = 10.0.40219.1
Project("{FAE04EC0-301F-11D3-BF4B-00C04F79EFBC}") = "RestaurantAPI", "RestaurantAPI\RestaurantAPI.csproj", "{2E080986-1063-42C0-97B6-B6FB822FFF62}"
EndProject
Global
	GlobalSection(SolutionConfigurationPlatforms) = preSolution
		Debug|Any CPU = Debug|Any CPU
		Release|Any CPU = Release|Any CPU
	EndGlobalSection
	GlobalSection(ProjectConfigurationPlatforms) = postSolution
		{2E080986-1063-42C0-97B6-B6FB822FFF62}.Debug|Any CPU.ActiveCfg = Debug|Any CPU
		{2E080986-1063-42C0-97B6-B6FB822FFF62}.Debug|Any CPU.Build.0 = Debug|Any CPU
		{2E080986-1063-42C0-97B6-B6FB822FFF62}.Release|Any CPU.ActiveCfg = Release|Any CPU
		{2E080986-1063-42C0-97B6-B6FB822FFF62}.Release|Any CPU.Build.0 = Release|Any CPU
	EndGlobalSection
	GlobalSection(SolutionProperties) = preSolution
		HideSolutionNode = FALSE
	EndGlobalSection
	GlobalSection(ExtensibilityGlobals) = postSolution
		SolutionGuid = {728EB563-9742-4A8B-A152-31B9590B6157}
	EndGlobalSection
EndGlobal
